
Microsoft Visual Studio Solution File, Format Version 12.00
# Visual Studio Version 16
VisualStudioVersion = 16.0.33328.57
MinimumVisualStudioVersion = 10.0.40219.1
Project("{8BC9CEB8-8B4A-11D0-8D11-00A0C91BC942}") = "CudaRuntime1", "CudaRuntime1\CudaRuntime1.vcxproj", "{0DBF3F84-38D5-490B-9FB5-12188AC885BF}"
EndProject
Global
	GlobalSection(SolutionConfigurationPlatforms) = preSolution
		Debug|x64 = Debug|x64
		Release|x64 = Release|x64
	EndGlobalSection
	GlobalSection(ProjectConfigurationPlatforms) = postSolution
		{0DBF3F84-38D5-490B-9FB5-12188AC885BF}.Debug|x64.ActiveCfg = Debug|x64
		{0DBF3F84-38D5-490B-9FB5-12188AC885BF}.Debug|x64.Build.0 = Debug|x64
		{0DBF3F84-38D5-490B-9FB5-12188AC885BF}.Release|x64.ActiveCfg = Release|x64
		{0DBF3F84-38D5-490B-9FB5-12188AC885BF}.Release|x64.Build.0 = Release|x64
	EndGlobalSection
	GlobalSection(SolutionProperties) = preSolution
		HideSolutionNode = FALSE
	EndGlobalSection
	GlobalSection(ExtensibilityGlobals) = postSolution
		SolutionGuid = {8369E105-5864-47EE-9BF5-715BCD721E5D}
	EndGlobalSection
EndGlobal
